{
  "name": "codekit-project",
  "version": "1.0.0",
  "lockfileVersion": 1,
  "requires": true,
  "dependencies": {
    "gsap": {
      "version": "file:gsap-bonus.tgz",
      "integrity": "sha512-2AiMh8yUd1lqdVw35q0mZvB1+GO8GmmkE16+PSXkYcUDqw/u0dg0gJPp8kopTySJxFOcd0Y1tFYfxkjouuVs3A=="
    }
  }
}
